
Microsoft Visual Studio Solution File, Format Version 12.00
# Visual Studio 14
VisualStudioVersion = 14.0.25420.1
MinimumVisualStudioVersion = 10.0.40219.1
Project("{FAE04EC0-301F-11D3-BF4B-00C04F79EFBC}") = "mzxweb", "mzxweb\mzxweb.csproj", "{566A3A14-0D87-4A06-BD97-D4828E852684}"
EndProject
Project("{FAE04EC0-301F-11D3-BF4B-00C04F79EFBC}") = "Warp", "Warp\Warp.csproj", "{0C4233FC-D153-49E1-92AC-59113025AEEC}"
EndProject
Global
	GlobalSection(SolutionConfigurationPlatforms) = preSolution
		Debug|Any CPU = Debug|Any CPU
		Release|Any CPU = Release|Any CPU
	EndGlobalSection
	GlobalSection(ProjectConfigurationPlatforms) = postSolution
		{566A3A14-0D87-4A06-BD97-D4828E852684}.Debug|Any CPU.ActiveCfg = Debug|Any CPU
		{566A3A14-0D87-4A06-BD97-D4828E852684}.Debug|Any CPU.Build.0 = Debug|Any CPU
		{566A3A14-0D87-4A06-BD97-D4828E852684}.Release|Any CPU.ActiveCfg = Release|Any CPU
		{566A3A14-0D87-4A06-BD97-D4828E852684}.Release|Any CPU.Build.0 = Release|Any CPU
		{0C4233FC-D153-49E1-92AC-59113025AEEC}.Debug|Any CPU.ActiveCfg = Debug|Any CPU
		{0C4233FC-D153-49E1-92AC-59113025AEEC}.Debug|Any CPU.Build.0 = Debug|Any CPU
		{0C4233FC-D153-49E1-92AC-59113025AEEC}.Release|Any CPU.ActiveCfg = Release|Any CPU
		{0C4233FC-D153-49E1-92AC-59113025AEEC}.Release|Any CPU.Build.0 = Release|Any CPU
	EndGlobalSection
	GlobalSection(SolutionProperties) = preSolution
		HideSolutionNode = FALSE
	EndGlobalSection
EndGlobal
